PODS:
  - R.swift (5.2.2):
    - R.swift.Library (~> 5.2.0)
  - R.swift.Library (5.2.0)
  - SegueManager (4.2.0):
    - SegueManager/iOS (= 4.2.0)
    - SegueManager/OSX (= 4.2.0)
    - SegueManager/R.swift (= 4.2.0)
  - SegueManager/iOS (4.2.0)
  - SegueManager/R.swift (4.2.0):
    - R.swift.Library
    - SegueManager/iOS
  - SVProgressHUD (2.2.5)

DEPENDENCIES:
  - R.swift
  - SegueManager
  - SVProgressHUD

SPEC REPOS:
  trunk:
    - R.swift
    - R.swift.Library
    - SegueManager
    - SVProgressHUD

SPEC CHECKSUMS:
  R.swift: 7c52cdc57a66840ffe6cbd8a823d732059d42a32
  R.swift.Library: 5ba4f1631300caf9a4d890186930da85d540769d
  SegueManager: 4f0c9e8237fe4b925129f17964caf81d1d6341bf
  SVProgressHUD: 1428aafac632c1f86f62aa4243ec12008d7a51d6

PODFILE CHECKSUM: c21a32838ad7095b2ce46c63ef318e4a26971bae

COCOAPODS: 1.9.2
