// !$*UTF8*$!
{
	archiveVersion = 1;
	classes = {
	};
	objectVersion = 51;
	objects = {

/* Begin PBXBuildFile section */
		AD4193A6243E264100FE6C75 /* RubiAppTests.swift in Sources */ = {isa = PBXBuildFile; fileRef = AD4193A5243E264100FE6C75 /* RubiAppTests.swift */; };
		AD4193AE243E29BB00FE6C75 /* HiraganaCodable.swift in Sources */ = {isa = PBXBuildFile; fileRef = AD4193AD243E29BB00FE6C75 /* HiraganaCodable.swift */; };
		AD4193B0243E2E4400FE6C75 /* APIClientProtocol.swift in Sources */ = {isa = PBXBuildFile; fileRef = AD4193AF243E2E4400FE6C75 /* APIClientProtocol.swift */; };
		AD4193B2243E2F2100FE6C75 /* FakeAPIClient.swift in Sources */ = {isa = PBXBuildFile; fileRef = AD4193B1243E2F2100FE6C75 /* FakeAPIClient.swift */; };
		AD4193B5243E2FD400FE6C75 /* APIClient.swift in Sources */ = {isa = PBXBuildFile; fileRef = AD4193B4243E2FD400FE6C75 /* APIClient.swift */; };
		ADC52B2C243E15C700A62BA7 /* AppDelegate.swift in Sources */ = {isa = PBXBuildFile; fileRef = ADC52B2B243E15C700A62BA7 /* AppDelegate.swift */; };
		ADC52B2E243E15C700A62BA7 /* ViewController.swift in Sources */ = {isa = PBXBuildFile; fileRef = ADC52B2D243E15C700A62BA7 /* ViewController.swift */; };
		ADC52B31243E15C700A62BA7 /* Main.storyboard in Resources */ = {isa = PBXBuildFile; fileRef = ADC52B2F243E15C700A62BA7 /* Main.storyboard */; };
		ADC52B33243E15C700A62BA7 /* Assets.xcassets in Resources */ = {isa = PBXBuildFile; fileRef = ADC52B32243E15C700A62BA7 /* Assets.xcassets */; };
		ADC52B36243E15C700A62BA7 /* LaunchScreen.storyboard in Resources */ = {isa = PBXBuildFile; fileRef = ADC52B34243E15C700A62BA7 /* LaunchScreen.storyboard */; };
		BFC366F9430438BB1E2551A9 /* Pods_RubiApp.framework in Frameworks */ = {isa = PBXBuildFile; fileRef = BD334CB9FB8D9375F1BB2884 /* Pods_RubiApp.framework */; };
/* End PBXBuildFile section */

/* Begin PBXContainerItemProxy section */
		AD4193A8243E264100FE6C75 /* PBXContainerItemProxy */ = {
			isa = PBXContainerItemProxy;
			containerPortal = ADC52B20243E15C700A62BA7 /* Project object */;
			proxyType = 1;
			remoteGlobalIDString = ADC52B27243E15C700A62BA7;
			remoteInfo = RubiApp;
		};
/* End PBXContainerItemProxy section */

/* Begin PBXFileReference section */
		41ADC2EEFC06CCA8F4109D15 /* Pods-RubiApp.debug.xcconfig */ = {isa = PBXFileReference; includeInIndex = 1; lastKnownFileType = text.xcconfig; name = "Pods-RubiApp.debug.xcconfig"; path = "Target Support Files/Pods-RubiApp/Pods-RubiApp.debug.xcconfig"; sourceTree = "<group>"; };
		AD4193A3243E264100FE6C75 /* RubiAppTests.xctest */ = {isa = PBXFileReference; explicitFileType = wrapper.cfbundle; includeInIndex = 0; path = RubiAppTests.xctest; sourceTree = BUILT_PRODUCTS_DIR; };
		AD4193A5243E264100FE6C75 /* RubiAppTests.swift */ = {isa = PBXFileReference; lastKnownFileType = sourcecode.swift; path = RubiAppTests.swift; sourceTree = "<group>"; };
		AD4193A7243E264100FE6C75 /* Info.plist */ = {isa = PBXFileReference; lastKnownFileType = text.plist.xml; path = Info.plist; sourceTree = "<group>"; };
		AD4193AD243E29BB00FE6C75 /* HiraganaCodable.swift */ = {isa = PBXFileReference; lastKnownFileType = sourcecode.swift; path = HiraganaCodable.swift; sourceTree = "<group>"; };
		AD4193AF243E2E4400FE6C75 /* APIClientProtocol.swift */ = {isa = PBXFileReference; lastKnownFileType = sourcecode.swift; path = APIClientProtocol.swift; sourceTree = "<group>"; };
		AD4193B1243E2F2100FE6C75 /* FakeAPIClient.swift */ = {isa = PBXFileReference; lastKnownFileType = sourcecode.swift; path = FakeAPIClient.swift; sourceTree = "<group>"; };
		AD4193B4243E2FD400FE6C75 /* APIClient.swift */ = {isa = PBXFileReference; lastKnownFileType = sourcecode.swift; path = APIClient.swift; sourceTree = "<group>"; };
		ADC52B28243E15C700A62BA7 /* RubiApp.app */ = {isa = PBXFileReference; explicitFileType = wrapper.application; includeInIndex = 0; path = RubiApp.app; sourceTree = BUILT_PRODUCTS_DIR; };
		ADC52B2B243E15C700A62BA7 /* AppDelegate.swift */ = {isa = PBXFileReference; lastKnownFileType = sourcecode.swift; path = AppDelegate.swift; sourceTree = "<group>"; };
		ADC52B2D243E15C700A62BA7 /* ViewController.swift */ = {isa = PBXFileReference; lastKnownFileType = sourcecode.swift; path = ViewController.swift; sourceTree = "<group>"; };
		ADC52B30243E15C700A62BA7 /* Base */ = {isa = PBXFileReference; lastKnownFileType = file.storyboard; name = Base; path = Base.lproj/Main.storyboard; sourceTree = "<group>"; };
		ADC52B32243E15C700A62BA7 /* Assets.xcassets */ = {isa = PBXFileReference; lastKnownFileType = folder.assetcatalog; path = Assets.xcassets; sourceTree = "<group>"; };
		ADC52B35243E15C700A62BA7 /* Base */ = {isa = PBXFileReference; lastKnownFileType = file.storyboard; name = Base; path = Base.lproj/LaunchScreen.storyboard; sourceTree = "<group>"; };
		ADC52B37243E15C700A62BA7 /* Info.plist */ = {isa = PBXFileReference; lastKnownFileType = text.plist.xml; path = Info.plist; sourceTree = "<group>"; };
		BD334CB9FB8D9375F1BB2884 /* Pods_RubiApp.framework */ = {isa = PBXFileReference; explicitFileType = wrapper.framework; includeInIndex = 0; path = Pods_RubiApp.framework; sourceTree = BUILT_PRODUCTS_DIR; };
		CDDC87E1F24EAFEEC967713D /* Pods-RubiApp.release.xcconfig */ = {isa = PBXFileReference; includeInIndex = 1; lastKnownFileType = text.xcconfig; name = "Pods-RubiApp.release.xcconfig"; path = "Target Support Files/Pods-RubiApp/Pods-RubiApp.release.xcconfig"; sourceTree = "<group>"; };
/* End PBXFileReference section */

/* Begin PBXFrameworksBuildPhase section */
		AD4193A0243E264000FE6C75 /* Frameworks */ = {
			isa = PBXFrameworksBuildPhase;
			buildActionMask = 2147483647;
			files = (
			);
			runOnlyForDeploymentPostprocessing = 0;
		};
		ADC52B25243E15C700A62BA7 /* Frameworks */ = {
			isa = PBXFrameworksBuildPhase;
			buildActionMask = 2147483647;
			files = (
				BFC366F9430438BB1E2551A9 /* Pods_RubiApp.framework in Frameworks */,
			);
			runOnlyForDeploymentPostprocessing = 0;
		};
/* End PBXFrameworksBuildPhase section */

/* Begin PBXGroup section */
		94F8DA8E1A5CF08C40444969 /* Frameworks */ = {
			isa = PBXGroup;
			children = (
				BD334CB9FB8D9375F1BB2884 /* Pods_RubiApp.framework */,
			);
			name = Frameworks;
			sourceTree = "<group>";
		};
		AD419398243E22CA00FE6C75 /* API */ = {
			isa = PBXGroup;
			children = (
				AD4193AD243E29BB00FE6C75 /* HiraganaCodable.swift */,
				AD4193AF243E2E4400FE6C75 /* APIClientProtocol.swift */,
				AD4193B4243E2FD400FE6C75 /* APIClient.swift */,
			);
			path = API;
			sourceTree = "<group>";
		};
		AD419399243E22D300FE6C75 /* Extension */ = {
			isa = PBXGroup;
			children = (
			);
			path = Extension;
			sourceTree = "<group>";
		};
		AD41939A243E22E200FE6C75 /* Model */ = {
			isa = PBXGroup;
			children = (
			);
			path = Model;
			sourceTree = "<group>";
		};
		AD41939B243E22E600FE6C75 /* ViewModel */ = {
			isa = PBXGroup;
			children = (
			);
			path = ViewModel;
			sourceTree = "<group>";
		};
		AD41939C243E22EC00FE6C75 /* View */ = {
			isa = PBXGroup;
			children = (
			);
			path = View;
			sourceTree = "<group>";
		};
		AD41939D243E22F100FE6C75 /* ViewController */ = {
			isa = PBXGroup;
			children = (
			);
			path = ViewController;
			sourceTree = "<group>";
		};
		AD4193A4243E264100FE6C75 /* RubiAppTests */ = {
			isa = PBXGroup;
			children = (
				AD4193A5243E264100FE6C75 /* RubiAppTests.swift */,
				AD4193B1243E2F2100FE6C75 /* FakeAPIClient.swift */,
				AD4193A7243E264100FE6C75 /* Info.plist */,
			);
			path = RubiAppTests;
			sourceTree = "<group>";
		};
		ADC52B1F243E15C700A62BA7 = {
			isa = PBXGroup;
			children = (
				ADC52B2A243E15C700A62BA7 /* RubiApp */,
				AD4193A4243E264100FE6C75 /* RubiAppTests */,
				ADC52B29243E15C700A62BA7 /* Products */,
				DC107FCEBE18DD4B83073691 /* Pods */,
				94F8DA8E1A5CF08C40444969 /* Frameworks */,
			);
			sourceTree = "<group>";
		};
		ADC52B29243E15C700A62BA7 /* Products */ = {
			isa = PBXGroup;
			children = (
				ADC52B28243E15C700A62BA7 /* RubiApp.app */,
				AD4193A3243E264100FE6C75 /* RubiAppTests.xctest */,
			);
			name = Products;
			sourceTree = "<group>";
		};
		ADC52B2A243E15C700A62BA7 /* RubiApp */ = {
			isa = PBXGroup;
			children = (
				ADC52B2B243E15C700A62BA7 /* AppDelegate.swift */,
				AD419398243E22CA00FE6C75 /* API */,
				AD41939D243E22F100FE6C75 /* ViewController */,
				AD41939C243E22EC00FE6C75 /* View */,
				AD41939B243E22E600FE6C75 /* ViewModel */,
				AD41939A243E22E200FE6C75 /* Model */,
				AD419399243E22D300FE6C75 /* Extension */,
				ADC52B2D243E15C700A62BA7 /* ViewController.swift */,
				ADC52B2F243E15C700A62BA7 /* Main.storyboard */,
				ADC52B32243E15C700A62BA7 /* Assets.xcassets */,
				ADC52B34243E15C700A62BA7 /* LaunchScreen.storyboard */,
				ADC52B37243E15C700A62BA7 /* Info.plist */,
			);
			path = RubiApp;
			sourceTree = "<group>";
		};
		DC107FCEBE18DD4B83073691 /* Pods */ = {
			isa = PBXGroup;
			children = (
				41ADC2EEFC06CCA8F4109D15 /* Pods-RubiApp.debug.xcconfig */,
				CDDC87E1F24EAFEEC967713D /* Pods-RubiApp.release.xcconfig */,
			);
			path = Pods;
			sourceTree = "<group>";
		};
/* End PBXGroup section */

/* Begin PBXNativeTarget section */
		AD4193A2243E264000FE6C75 /* RubiAppTests */ = {
			isa = PBXNativeTarget;
			buildConfigurationList = AD4193AC243E264100FE6C75 /* Build configuration list for PBXNativeTarget "RubiAppTests" */;
			buildPhases = (
				AD41939F243E264000FE6C75 /* Sources */,
				AD4193A0243E264000FE6C75 /* Frameworks */,
				AD4193A1243E264000FE6C75 /* Resources */,
			);
			buildRules = (
			);
			dependencies = (
				AD4193A9243E264100FE6C75 /* PBXTargetDependency */,
			);
			name = RubiAppTests;
			productName = RubiAppTests;
			productReference = AD4193A3243E264100FE6C75 /* RubiAppTests.xctest */;
			productType = "com.apple.product-type.bundle.unit-test";
		};
		ADC52B27243E15C700A62BA7 /* RubiApp */ = {
			isa = PBXNativeTarget;
			buildConfigurationList = ADC52B3A243E15C700A62BA7 /* Build configuration list for PBXNativeTarget "RubiApp" */;
			buildPhases = (
				FBFBDDB469C4D9883381A07A /* [CP] Check Pods Manifest.lock */,
				ADC52B24243E15C700A62BA7 /* Sources */,
				ADC52B25243E15C700A62BA7 /* Frameworks */,
				ADC52B26243E15C700A62BA7 /* Resources */,
				6C6EA79287BC1F5174EF08A2 /* [CP] Embed Pods Frameworks */,
			);
			buildRules = (
			);
			dependencies = (
			);
			name = RubiApp;
			productName = RubiApp;
			productReference = ADC52B28243E15C700A62BA7 /* RubiApp.app */;
			productType = "com.apple.product-type.application";
		};
/* End PBXNativeTarget section */

/* Begin PBXProject section */
		ADC52B20243E15C700A62BA7 /* Project object */ = {
			isa = PBXProject;
			attributes = {
				LastSwiftUpdateCheck = 1140;
				LastUpgradeCheck = 1020;
				ORGANIZATIONNAME = ShuMatsuki;
				TargetAttributes = {
					AD4193A2243E264000FE6C75 = {
						CreatedOnToolsVersion = 11.4;
						TestTargetID = ADC52B27243E15C700A62BA7;
					};
					ADC52B27243E15C700A62BA7 = {
						CreatedOnToolsVersion = 10.2;
					};
				};
			};
			buildConfigurationList = ADC52B23243E15C700A62BA7 /* Build configuration list for PBXProject "RubiApp" */;
			compatibilityVersion = "Xcode 9.3";
			developmentRegion = en;
			hasScannedForEncodings = 0;
			knownRegions = (
				en,
				Base,
			);
			mainGroup = ADC52B1F243E15C700A62BA7;
			productRefGroup = ADC52B29243E15C700A62BA7 /* Products */;
			projectDirPath = "";
			projectRoot = "";
			targets = (
				ADC52B27243E15C700A62BA7 /* RubiApp */,
				AD4193A2243E264000FE6C75 /* RubiAppTests */,
			);
		};
/* End PBXProject section */

/* Begin PBXResourcesBuildPhase section */
		AD4193A1243E264000FE6C75 /* Resources */ = {
			isa = PBXResourcesBuildPhase;
			buildActionMask = 2147483647;
			files = (
			);
			runOnlyForDeploymentPostprocessing = 0;
		};
		ADC52B26243E15C700A62BA7 /* Resources */ = {
			isa = PBXResourcesBuildPhase;
			buildActionMask = 2147483647;
			files = (
				ADC52B36243E15C700A62BA7 /* LaunchScreen.storyboard in Resources */,
				ADC52B33243E15C700A62BA7 /* Assets.xcassets in Resources */,
				ADC52B31243E15C700A62BA7 /* Main.storyboard in Resources */,
			);
			runOnlyForDeploymentPostprocessing = 0;
		};
/* End PBXResourcesBuildPhase section */

/* Begin PBXShellScriptBuildPhase section */
		6C6EA79287BC1F5174EF08A2 /* [CP] Embed Pods Frameworks */ = {
			isa = PBXShellScriptBuildPhase;
			buildActionMask = 2147483647;
			files = (
			);
			inputFileListPaths = (
				"${PODS_ROOT}/Target Support Files/Pods-RubiApp/Pods-RubiApp-frameworks-${CONFIGURATION}-input-files.xcfilelist",
			);
			name = "[CP] Embed Pods Frameworks";
			outputFileListPaths = (
				"${PODS_ROOT}/Target Support Files/Pods-RubiApp/Pods-RubiApp-frameworks-${CONFIGURATION}-output-files.xcfilelist",
			);
			runOnlyForDeploymentPostprocessing = 0;
			shellPath = /bin/sh;
			shellScript = "\"${PODS_ROOT}/Target Support Files/Pods-RubiApp/Pods-RubiApp-frameworks.sh\"\n";
			showEnvVarsInLog = 0;
		};
		FBFBDDB469C4D9883381A07A /* [CP] Check Pods Manifest.lock */ = {
			isa = PBXShellScriptBuildPhase;
			buildActionMask = 2147483647;
			files = (
			);
			inputFileListPaths = (
			);
			inputPaths = (
				"${PODS_PODFILE_DIR_PATH}/Podfile.lock",
				"${PODS_ROOT}/Manifest.lock",
			);
			name = "[CP] Check Pods Manifest.lock";
			outputFileListPaths = (
			);
			outputPaths = (
				"$(DERIVED_FILE_DIR)/Pods-RubiApp-checkManifestLockResult.txt",
			);
			runOnlyForDeploymentPostprocessing = 0;
			shellPath = /bin/sh;
			shellScript = "diff \"${PODS_PODFILE_DIR_PATH}/Podfile.lock\" \"${PODS_ROOT}/Manifest.lock\" > /dev/null\nif [ $? != 0 ] ; then\n    # print error to STDERR\n    echo \"error: The sandbox is not in sync with the Podfile.lock. Run 'pod install' or update your CocoaPods installation.\" >&2\n    exit 1\nfi\n# This output is used by Xcode 'outputs' to avoid re-running this script phase.\necho \"SUCCESS\" > \"${SCRIPT_OUTPUT_FILE_0}\"\n";
			showEnvVarsInLog = 0;
		};
/* End PBXShellScriptBuildPhase section */

/* Begin PBXSourcesBuildPhase section */
		AD41939F243E264000FE6C75 /* Sources */ = {
			isa = PBXSourcesBuildPhase;
			buildActionMask = 2147483647;
			files = (
				AD4193B2243E2F2100FE6C75 /* FakeAPIClient.swift in Sources */,
				AD4193A6243E264100FE6C75 /* RubiAppTests.swift in Sources */,
			);
			runOnlyForDeploymentPostprocessing = 0;
		};
		ADC52B24243E15C700A62BA7 /* Sources */ = {
			isa = PBXSourcesBuildPhase;
			buildActionMask = 2147483647;
			files = (
				AD4193AE243E29BB00FE6C75 /* HiraganaCodable.swift in Sources */,
				AD4193B0243E2E4400FE6C75 /* APIClientProtocol.swift in Sources */,
				ADC52B2E243E15C700A62BA7 /* ViewController.swift in Sources */,
				AD4193B5243E2FD400FE6C75 /* APIClient.swift in Sources */,
				ADC52B2C243E15C700A62BA7 /* AppDelegate.swift in Sources */,
			);
			runOnlyForDeploymentPostprocessing = 0;
		};
/* End PBXSourcesBuildPhase section */

/* Begin PBXTargetDependency section */
		AD4193A9243E264100FE6C75 /* PBXTargetDependency */ = {
			isa = PBXTargetDependency;
			target = ADC52B27243E15C700A62BA7 /* RubiApp */;
			targetProxy = AD4193A8243E264100FE6C75 /* PBXContainerItemProxy */;
		};
/* End PBXTargetDependency section */

/* Begin PBXVariantGroup section */
		ADC52B2F243E15C700A62BA7 /* Main.storyboard */ = {
			isa = PBXVariantGroup;
			children = (
				ADC52B30243E15C700A62BA7 /* Base */,
			);
			name = Main.storyboard;
			sourceTree = "<group>";
		};
		ADC52B34243E15C700A62BA7 /* LaunchScreen.storyboard */ = {
			isa = PBXVariantGroup;
			children = (
				ADC52B35243E15C700A62BA7 /* Base */,
			);
			name = LaunchScreen.storyboard;
			sourceTree = "<group>";
		};
/* End PBXVariantGroup section */

/* Begin XCBuildConfiguration section */
		AD4193AA243E264100FE6C75 /* Debug */ = {
			isa = XCBuildConfiguration;
			buildSettings = {
				BUNDLE_LOADER = "$(TEST_HOST)";
				CODE_SIGN_STYLE = Automatic;
				INFOPLIST_FILE = RubiAppTests/Info.plist;
				IPHONEOS_DEPLOYMENT_TARGET = 13.4;
				LD_RUNPATH_SEARCH_PATHS = (
					"$(inherited)",
					"@executable_path/Frameworks",
					"@loader_path/Frameworks",
				);
				PRODUCT_BUNDLE_IDENTIFIER = ShuMatsuki.RubiAppTests;
				PRODUCT_NAME = "$(TARGET_NAME)";
				SWIFT_VERSION = 5.0;
				TARGETED_DEVICE_FAMILY = "1,2";
				TEST_HOST = "$(BUILT_PRODUCTS_DIR)/RubiApp.app/RubiApp";
			};
			name = Debug;
		};
		AD4193AB243E264100FE6C75 /* Release */ = {
			isa = XCBuildConfiguration;
			buildSettings = {
				BUNDLE_LOADER = "$(TEST_HOST)";
				CODE_SIGN_STYLE = Automatic;
				INFOPLIST_FILE = RubiAppTests/Info.plist;
				IPHONEOS_DEPLOYMENT_TARGET = 13.4;
				LD_RUNPATH_SEARCH_PATHS = (
					"$(inherited)",
					"@executable_path/Frameworks",
					"@loader_path/Frameworks",
				);
				PRODUCT_BUNDLE_IDENTIFIER = ShuMatsuki.RubiAppTests;
				PRODUCT_NAME = "$(TARGET_NAME)";
				SWIFT_VERSION = 5.0;
				TARGETED_DEVICE_FAMILY = "1,2";
				TEST_HOST = "$(BUILT_PRODUCTS_DIR)/RubiApp.app/RubiApp";
			};
			name = Release;
		};
		ADC52B38243E15C700A62BA7 /* Debug */ = {
			isa = XCBuildConfiguration;
			buildSettings = {
				ALWAYS_SEARCH_USER_PATHS = NO;
				CLANG_ANALYZER_NONNULL = YES;
				CLANG_ANALYZER_NUMBER_OBJECT_CONVERSION = YES_AGGRESSIVE;
				CLANG_CXX_LANGUAGE_STANDARD = "gnu++14";
				CLANG_CXX_LIBRARY = "libc++";
				CLANG_ENABLE_MODULES = YES;
				CLANG_ENABLE_OBJC_ARC = YES;
				CLANG_ENABLE_OBJC_WEAK = YES;
				CLANG_WARN_BLOCK_CAPTURE_AUTORELEASING = YES;
				CLANG_WARN_BOOL_CONVERSION = YES;
				CLANG_WARN_COMMA = YES;
				CLANG_WARN_CONSTANT_CONVERSION = YES;
				CLANG_WARN_DEPRECATED_OBJC_IMPLEMENTATIONS = YES;
				CLANG_WARN_DIRECT_OBJC_ISA_USAGE = YES_ERROR;
				CLANG_WARN_DOCUMENTATION_COMMENTS = YES;
				CLANG_WARN_EMPTY_BODY = YES;
				CLANG_WARN_ENUM_CONVERSION = YES;
				CLANG_WARN_INFINITE_RECURSION = YES;
				CLANG_WARN_INT_CONVERSION = YES;
				CLANG_WARN_NON_LITERAL_NULL_CONVERSION = YES;
				CLANG_WARN_OBJC_IMPLICIT_RETAIN_SELF = YES;
				CLANG_WARN_OBJC_LITERAL_CONVERSION = YES;
				CLANG_WARN_OBJC_ROOT_CLASS = YES_ERROR;
				CLANG_WARN_RANGE_LOOP_ANALYSIS = YES;
				CLANG_WARN_STRICT_PROTOTYPES = YES;
				CLANG_WARN_SUSPICIOUS_MOVE = YES;
				CLANG_WARN_UNGUARDED_AVAILABILITY = YES_AGGRESSIVE;
				CLANG_WARN_UNREACHABLE_CODE = YES;
				CLANG_WARN__DUPLICATE_METHOD_MATCH = YES;
				CODE_SIGN_IDENTITY = "iPhone Developer";
				COPY_PHASE_STRIP = NO;
				DEBUG_INFORMATION_FORMAT = dwarf;
				ENABLE_STRICT_OBJC_MSGSEND = YES;
				ENABLE_TESTABILITY = YES;
				GCC_C_LANGUAGE_STANDARD = gnu11;
				GCC_DYNAMIC_NO_PIC = NO;
				GCC_NO_COMMON_BLOCKS = YES;
				GCC_OPTIMIZATION_LEVEL = 0;
				GCC_PREPROCESSOR_DEFINITIONS = (
					"DEBUG=1",
					"$(inherited)",
				);
				GCC_WARN_64_TO_32_BIT_CONVERSION = YES;
				GCC_WARN_ABOUT_RETURN_TYPE = YES_ERROR;
				GCC_WARN_UNDECLARED_SELECTOR = YES;
				GCC_WARN_UNINITIALIZED_AUTOS = YES_AGGRESSIVE;
				GCC_WARN_UNUSED_FUNCTION = YES;
				GCC_WARN_UNUSED_VARIABLE = YES;
				IPHONEOS_DEPLOYMENT_TARGET = 12.2;
				MTL_ENABLE_DEBUG_INFO = INCLUDE_SOURCE;
				MTL_FAST_MATH = YES;
				ONLY_ACTIVE_ARCH = YES;
				SDKROOT = iphoneos;
				SWIFT_ACTIVE_COMPILATION_CONDITIONS = DEBUG;
				SWIFT_OPTIMIZATION_LEVEL = "-Onone";
			};
			name = Debug;
		};
		ADC52B39243E15C700A62BA7 /* Release */ = {
			isa = XCBuildConfiguration;
			buildSettings = {
				ALWAYS_SEARCH_USER_PATHS = NO;
				CLANG_ANALYZER_NONNULL = YES;
				CLANG_ANALYZER_NUMBER_OBJECT_CONVERSION = YES_AGGRESSIVE;
				CLANG_CXX_LANGUAGE_STANDARD = "gnu++14";
				CLANG_CXX_LIBRARY = "libc++";
				CLANG_ENABLE_MODULES = YES;
				CLANG_ENABLE_OBJC_ARC = YES;
				CLANG_ENABLE_OBJC_WEAK = YES;
				CLANG_WARN_BLOCK_CAPTURE_AUTORELEASING = YES;
				CLANG_WARN_BOOL_CONVERSION = YES;
				CLANG_WARN_COMMA = YES;
				CLANG_WARN_CONSTANT_CONVERSION = YES;
				CLANG_WARN_DEPRECATED_OBJC_IMPLEMENTATIONS = YES;
				CLANG_WARN_DIRECT_OBJC_ISA_USAGE = YES_ERROR;
				CLANG_WARN_DOCUMENTATION_COMMENTS = YES;
				CLANG_WARN_EMPTY_BODY = YES;
				CLANG_WARN_ENUM_CONVERSION = YES;
				CLANG_WARN_INFINITE_RECURSION = YES;
				CLANG_WARN_INT_CONVERSION = YES;
				CLANG_WARN_NON_LITERAL_NULL_CONVERSION = YES;
				CLANG_WARN_OBJC_IMPLICIT_RETAIN_SELF = YES;
				CLANG_WARN_OBJC_LITERAL_CONVERSION = YES;
				CLANG_WARN_OBJC_ROOT_CLASS = YES_ERROR;
				CLANG_WARN_RANGE_LOOP_ANALYSIS = YES;
				CLANG_WARN_STRICT_PROTOTYPES = YES;
				CLANG_WARN_SUSPICIOUS_MOVE = YES;
				CLANG_WARN_UNGUARDED_AVAILABILITY = YES_AGGRESSIVE;
				CLANG_WARN_UNREACHABLE_CODE = YES;
				CLANG_WARN__DUPLICATE_METHOD_MATCH = YES;
				CODE_SIGN_IDENTITY = "iPhone Developer";
				COPY_PHASE_STRIP = NO;
				DEBUG_INFORMATION_FORMAT = "dwarf-with-dsym";
				ENABLE_NS_ASSERTIONS = NO;
				ENABLE_STRICT_OBJC_MSGSEND = YES;
				GCC_C_LANGUAGE_STANDARD = gnu11;
				GCC_NO_COMMON_BLOCKS = YES;
				GCC_WARN_64_TO_32_BIT_CONVERSION = YES;
				GCC_WARN_ABOUT_RETURN_TYPE = YES_ERROR;
				GCC_WARN_UNDECLARED_SELECTOR = YES;
				GCC_WARN_UNINITIALIZED_AUTOS = YES_AGGRESSIVE;
				GCC_WARN_UNUSED_FUNCTION = YES;
				GCC_WARN_UNUSED_VARIABLE = YES;
				IPHONEOS_DEPLOYMENT_TARGET = 12.2;
				MTL_ENABLE_DEBUG_INFO = NO;
				MTL_FAST_MATH = YES;
				SDKROOT = iphoneos;
				SWIFT_COMPILATION_MODE = wholemodule;
				SWIFT_OPTIMIZATION_LEVEL = "-O";
				VALIDATE_PRODUCT = YES;
			};
			name = Release;
		};
		ADC52B3B243E15C700A62BA7 /* Debug */ = {
			isa = XCBuildConfiguration;
			baseConfigurationReference = 41ADC2EEFC06CCA8F4109D15 /* Pods-RubiApp.debug.xcconfig */;
			buildSettings = {
				ASSETCATALOG_COMPILER_APPICON_NAME = AppIcon;
				CODE_SIGN_STYLE = Automatic;
				INFOPLIST_FILE = RubiApp/Info.plist;
				LD_RUNPATH_SEARCH_PATHS = (
					"$(inherited)",
					"@executable_path/Frameworks",
				);
				PRODUCT_BUNDLE_IDENTIFIER = ShuMatsuki.RubiApp;
				PRODUCT_NAME = "$(TARGET_NAME)";
				SWIFT_VERSION = 5.0;
				TARGETED_DEVICE_FAMILY = "1,2";
			};
			name = Debug;
		};
		ADC52B3C243E15C700A62BA7 /* Release */ = {
			isa = XCBuildConfiguration;
			baseConfigurationReference = CDDC87E1F24EAFEEC967713D /* Pods-RubiApp.release.xcconfig */;
			buildSettings = {
				ASSETCATALOG_COMPILER_APPICON_NAME = AppIcon;
				CODE_SIGN_STYLE = Automatic;
				INFOPLIST_FILE = RubiApp/Info.plist;
				LD_RUNPATH_SEARCH_PATHS = (
					"$(inherited)",
					"@executable_path/Frameworks",
				);
				PRODUCT_BUNDLE_IDENTIFIER = ShuMatsuki.RubiApp;
				PRODUCT_NAME = "$(TARGET_NAME)";
				SWIFT_VERSION = 5.0;
				TARGETED_DEVICE_FAMILY = "1,2";
			};
			name = Release;
		};
/* End XCBuildConfiguration section */

/* Begin XCConfigurationList section */
		AD4193AC243E264100FE6C75 /* Build configuration list for PBXNativeTarget "RubiAppTests" */ = {
			isa = XCConfigurationList;
			buildConfigurations = (
				AD4193AA243E264100FE6C75 /* Debug */,
				AD4193AB243E264100FE6C75 /* Release */,
			);
			defaultConfigurationIsVisible = 0;
			defaultConfigurationName = Release;
		};
		ADC52B23243E15C700A62BA7 /* Build configuration list for PBXProject "RubiApp" */ = {
			isa = XCConfigurationList;
			buildConfigurations = (
				ADC52B38243E15C700A62BA7 /* Debug */,
				ADC52B39243E15C700A62BA7 /* Release */,
			);
			defaultConfigurationIsVisible = 0;
			defaultConfigurationName = Release;
		};
		ADC52B3A243E15C700A62BA7 /* Build configuration list for PBXNativeTarget "RubiApp" */ = {
			isa = XCConfigurationList;
			buildConfigurations = (
				ADC52B3B243E15C700A62BA7 /* Debug */,
				ADC52B3C243E15C700A62BA7 /* Release */,
			);
			defaultConfigurationIsVisible = 0;
			defaultConfigurationName = Release;
		};
/* End XCConfigurationList section */
	};
	rootObject = ADC52B20243E15C700A62BA7 /* Project object */;
}
